// !$*UTF8*$!
{
	archiveVersion = 1;
	classes = {
	};
	objectVersion = 50;
	objects = {

/* Begin PBXBuildFile section */
		1DCA9F9F2541BB4000E21A54 /* AppDelegate.swift in Sources */ = {isa = PBXBuildFile; fileRef = 1DCA9F9E2541BB4000E21A54 /* AppDelegate.swift */; };
		1DCA9FA12541BB4000E21A54 /* SceneDelegate.swift in Sources */ = {isa = PBXBuildFile; fileRef = 1DCA9FA02541BB4000E21A54 /* SceneDelegate.swift */; };
		1DCA9FA82541BB4400E21A54 /* Assets.xcassets in Resources */ = {isa = PBXBuildFile; fileRef = 1DCA9FA72541BB4400E21A54 /* Assets.xcassets */; };
		1DCA9FAB2541BB4400E21A54 /* LaunchScreen.storyboard in Resources */ = {isa = PBXBuildFile; fileRef = 1DCA9FA92541BB4400E21A54 /* LaunchScreen.storyboard */; };
		1DCA9FB52541C0B600E21A54 /* WelcomeViewController.swift in Sources */ = {isa = PBXBuildFile; fileRef = 1DCA9FB42541C0B600E21A54 /* WelcomeViewController.swift */; };
		1DCA9FBB2541D22E00E21A54 /* LoginViewController.swift in Sources */ = {isa = PBXBuildFile; fileRef = 1DCA9FBA2541D22E00E21A54 /* LoginViewController.swift */; };
		1DCA9FBE2541D23D00E21A54 /* RegisterViewController.swift in Sources */ = {isa = PBXBuildFile; fileRef = 1DCA9FBD2541D23D00E21A54 /* RegisterViewController.swift */; };
		1DCA9FC22541D82200E21A54 /* FieldView.swift in Sources */ = {isa = PBXBuildFile; fileRef = 1DCA9FC12541D82200E21A54 /* FieldView.swift */; };
		1DCA9FC9254274BC00E21A54 /* DashBoardViewController.swift in Sources */ = {isa = PBXBuildFile; fileRef = 1DCA9FC8254274BC00E21A54 /* DashBoardViewController.swift */; };
		1DCA9FDD254284A000E21A54 /* UserInfoView.swift in Sources */ = {isa = PBXBuildFile; fileRef = 1DCA9FDC254284A000E21A54 /* UserInfoView.swift */; };
		1DCA9FE025428A3000E21A54 /* DashboardViewModel.swift in Sources */ = {isa = PBXBuildFile; fileRef = 1DCA9FDF25428A3000E21A54 /* DashboardViewModel.swift */; };
		1DCAA01B2542BF5900E21A54 /* RewardCollectionViewCell.swift in Sources */ = {isa = PBXBuildFile; fileRef = 1DCAA01A2542BF5900E21A54 /* RewardCollectionViewCell.swift */; };
		1DCAA0252542C13300E21A54 /* Reward.swift in Sources */ = {isa = PBXBuildFile; fileRef = 1DCAA0242542C13300E21A54 /* Reward.swift */; };
		1DCAA0292542CDC500E21A54 /* UIView+Reusable.swift in Sources */ = {isa = PBXBuildFile; fileRef = 1DCAA0282542CDC500E21A54 /* UIView+Reusable.swift */; };
		1DCAA03D2543024000E21A54 /* APIResponse.swift in Sources */ = {isa = PBXBuildFile; fileRef = 1DCAA03C2543024000E21A54 /* APIResponse.swift */; };
		1DCAA0412543026500E21A54 /* RewardService.swift in Sources */ = {isa = PBXBuildFile; fileRef = 1DCAA0402543026500E21A54 /* RewardService.swift */; };
		1DCAA04425430CDC00E21A54 /* Rewards.plist in Resources */ = {isa = PBXBuildFile; fileRef = 1DCAA04325430CDC00E21A54 /* Rewards.plist */; };
		1DCAA04925431F8000E21A54 /* RewardDetailsViewController.swift in Sources */ = {isa = PBXBuildFile; fileRef = 1DCAA04825431F8000E21A54 /* RewardDetailsViewController.swift */; };
		1DCAA04D2543204200E21A54 /* RewardDetailsViewModel.swift in Sources */ = {isa = PBXBuildFile; fileRef = 1DCAA04C2543204200E21A54 /* RewardDetailsViewModel.swift */; };
/* End PBXBuildFile section */

/* Begin PBXFileReference section */
		1DCA9F9B2541BB4000E21A54 /* AsticomExam.app */ = {isa = PBXFileReference; explicitFileType = wrapper.application; includeInIndex = 0; path = AsticomExam.app; sourceTree = BUILT_PRODUCTS_DIR; };
		1DCA9F9E2541BB4000E21A54 /* AppDelegate.swift */ = {isa = PBXFileReference; lastKnownFileType = sourcecode.swift; path = AppDelegate.swift; sourceTree = "<group>"; };
		1DCA9FA02541BB4000E21A54 /* SceneDelegate.swift */ = {isa = PBXFileReference; lastKnownFileType = sourcecode.swift; path = SceneDelegate.swift; sourceTree = "<group>"; };
		1DCA9FA72541BB4400E21A54 /* Assets.xcassets */ = {isa = PBXFileReference; lastKnownFileType = folder.assetcatalog; path = Assets.xcassets; sourceTree = "<group>"; };
		1DCA9FAA2541BB4400E21A54 /* Base */ = {isa = PBXFileReference; lastKnownFileType = file.storyboard; name = Base; path = Base.lproj/LaunchScreen.storyboard; sourceTree = "<group>"; };
		1DCA9FAC2541BB4400E21A54 /* Info.plist */ = {isa = PBXFileReference; lastKnownFileType = text.plist.xml; path = Info.plist; sourceTree = "<group>"; };
		1DCA9FB42541C0B600E21A54 /* WelcomeViewController.swift */ = {isa = PBXFileReference; lastKnownFileType = sourcecode.swift; path = WelcomeViewController.swift; sourceTree = "<group>"; };
		1DCA9FBA2541D22E00E21A54 /* LoginViewController.swift */ = {isa = PBXFileReference; lastKnownFileType = sourcecode.swift; path = LoginViewController.swift; sourceTree = "<group>"; };
		1DCA9FBD2541D23D00E21A54 /* RegisterViewController.swift */ = {isa = PBXFileReference; lastKnownFileType = sourcecode.swift; path = RegisterViewController.swift; sourceTree = "<group>"; };
		1DCA9FC12541D82200E21A54 /* FieldView.swift */ = {isa = PBXFileReference; lastKnownFileType = sourcecode.swift; path = FieldView.swift; sourceTree = "<group>"; };
		1DCA9FC8254274BC00E21A54 /* DashBoardViewController.swift */ = {isa = PBXFileReference; lastKnownFileType = sourcecode.swift; path = DashBoardViewController.swift; sourceTree = "<group>"; };
		1DCA9FDC254284A000E21A54 /* UserInfoView.swift */ = {isa = PBXFileReference; lastKnownFileType = sourcecode.swift; path = UserInfoView.swift; sourceTree = "<group>"; };
		1DCA9FDF25428A3000E21A54 /* DashboardViewModel.swift */ = {isa = PBXFileReference; lastKnownFileType = sourcecode.swift; path = DashboardViewModel.swift; sourceTree = "<group>"; };
		1DCAA01A2542BF5900E21A54 /* RewardCollectionViewCell.swift */ = {isa = PBXFileReference; lastKnownFileType = sourcecode.swift; path = RewardCollectionViewCell.swift; sourceTree = "<group>"; };
		1DCAA0242542C13300E21A54 /* Reward.swift */ = {isa = PBXFileReference; lastKnownFileType = sourcecode.swift; path = Reward.swift; sourceTree = "<group>"; };
		1DCAA0282542CDC500E21A54 /* UIView+Reusable.swift */ = {isa = PBXFileReference; lastKnownFileType = sourcecode.swift; path = "UIView+Reusable.swift"; sourceTree = "<group>"; };
		1DCAA03C2543024000E21A54 /* APIResponse.swift */ = {isa = PBXFileReference; lastKnownFileType = sourcecode.swift; path = APIResponse.swift; sourceTree = "<group>"; };
		1DCAA0402543026500E21A54 /* RewardService.swift */ = {isa = PBXFileReference; lastKnownFileType = sourcecode.swift; path = RewardService.swift; sourceTree = "<group>"; };
		1DCAA04325430CDC00E21A54 /* Rewards.plist */ = {isa = PBXFileReference; lastKnownFileType = text.plist.xml; path = Rewards.plist; sourceTree = "<group>"; };
		1DCAA04825431F8000E21A54 /* RewardDetailsViewController.swift */ = {isa = PBXFileReference; lastKnownFileType = sourcecode.swift; path = RewardDetailsViewController.swift; sourceTree = "<group>"; };
		1DCAA04C2543204200E21A54 /* RewardDetailsViewModel.swift */ = {isa = PBXFileReference; lastKnownFileType = sourcecode.swift; path = RewardDetailsViewModel.swift; sourceTree = "<group>"; };
/* End PBXFileReference section */

/* Begin PBXFrameworksBuildPhase section */
		1DCA9F982541BB4000E21A54 /* Frameworks */ = {
			isa = PBXFrameworksBuildPhase;
			buildActionMask = 2147483647;
			files = (
			);
			runOnlyForDeploymentPostprocessing = 0;
		};
/* End PBXFrameworksBuildPhase section */

/* Begin PBXGroup section */
		1DCA9F922541BB4000E21A54 = {
			isa = PBXGroup;
			children = (
				1DCA9F9D2541BB4000E21A54 /* AsticomExam */,
				1DCA9F9C2541BB4000E21A54 /* Products */,
			);
			sourceTree = "<group>";
		};
		1DCA9F9C2541BB4000E21A54 /* Products */ = {
			isa = PBXGroup;
			children = (
				1DCA9F9B2541BB4000E21A54 /* AsticomExam.app */,
			);
			name = Products;
			sourceTree = "<group>";
		};
		1DCA9F9D2541BB4000E21A54 /* AsticomExam */ = {
			isa = PBXGroup;
			children = (
				1DCA9F9E2541BB4000E21A54 /* AppDelegate.swift */,
				1DCA9FA02541BB4000E21A54 /* SceneDelegate.swift */,
				1DCAA03B2542F4B100E21A54 /* Network */,
				1DCAA0222542C11500E21A54 /* Models */,
				1DCAA0212542C10200E21A54 /* Views */,
				1DCAA01D2542C0E800E21A54 /* ViewControllers */,
				1DCA9FA72541BB4400E21A54 /* Assets.xcassets */,
				1DCA9FA92541BB4400E21A54 /* LaunchScreen.storyboard */,
				1DCA9FAC2541BB4400E21A54 /* Info.plist */,
				1DCAA04325430CDC00E21A54 /* Rewards.plist */,
			);
			path = AsticomExam;
			sourceTree = "<group>";
		};
		1DCA9FC42542748000E21A54 /* Welcome */ = {
			isa = PBXGroup;
			children = (
				1DCA9FB42541C0B600E21A54 /* WelcomeViewController.swift */,
			);
			path = Welcome;
			sourceTree = "<group>";
		};
		1DCA9FC52542748C00E21A54 /* Login */ = {
			isa = PBXGroup;
			children = (
				1DCA9FBA2541D22E00E21A54 /* LoginViewController.swift */,
			);
			path = Login;
			sourceTree = "<group>";
		};
		1DCA9FC62542749500E21A54 /* Register */ = {
			isa = PBXGroup;
			children = (
				1DCA9FBD2541D23D00E21A54 /* RegisterViewController.swift */,
			);
			path = Register;
			sourceTree = "<group>";
		};
		1DCA9FC72542749F00E21A54 /* Dashboard */ = {
			isa = PBXGroup;
			children = (
				1DCA9FC8254274BC00E21A54 /* DashBoardViewController.swift */,
				1DCA9FDF25428A3000E21A54 /* DashboardViewModel.swift */,
				1DCAA01A2542BF5900E21A54 /* RewardCollectionViewCell.swift */,
			);
			path = Dashboard;
			sourceTree = "<group>";
		};
		1DCAA01D2542C0E800E21A54 /* ViewControllers */ = {
			isa = PBXGroup;
			children = (
				1DCA9FC42542748000E21A54 /* Welcome */,
				1DCA9FC52542748C00E21A54 /* Login */,
				1DCA9FC62542749500E21A54 /* Register */,
				1DCA9FC72542749F00E21A54 /* Dashboard */,
				1DCAA04725431F6300E21A54 /* RewardDetails */,
			);
			path = ViewControllers;
			sourceTree = "<group>";
		};
		1DCAA0212542C10200E21A54 /* Views */ = {
			isa = PBXGroup;
			children = (
				1DCA9FC12541D82200E21A54 /* FieldView.swift */,
				1DCA9FDC254284A000E21A54 /* UserInfoView.swift */,
				1DCAA0282542CDC500E21A54 /* UIView+Reusable.swift */,
			);
			path = Views;
			sourceTree = "<group>";
		};
		1DCAA0222542C11500E21A54 /* Models */ = {
			isa = PBXGroup;
			children = (
				1DCAA0242542C13300E21A54 /* Reward.swift */,
			);
			path = Models;
			sourceTree = "<group>";
		};
		1DCAA03B2542F4B100E21A54 /* Network */ = {
			isa = PBXGroup;
			children = (
				1DCAA03C2543024000E21A54 /* APIResponse.swift */,
				1DCAA0402543026500E21A54 /* RewardService.swift */,
			);
			path = Network;
			sourceTree = "<group>";
		};
		1DCAA04725431F6300E21A54 /* RewardDetails */ = {
			isa = PBXGroup;
			children = (
				1DCAA04825431F8000E21A54 /* RewardDetailsViewController.swift */,
				1DCAA04C2543204200E21A54 /* RewardDetailsViewModel.swift */,
			);
			path = RewardDetails;
			sourceTree = "<group>";
		};
/* End PBXGroup section */

/* Begin PBXNativeTarget section */
		1DCA9F9A2541BB4000E21A54 /* AsticomExam */ = {
			isa = PBXNativeTarget;
			buildConfigurationList = 1DCA9FAF2541BB4400E21A54 /* Build configuration list for PBXNativeTarget "AsticomExam" */;
			buildPhases = (
				1DCA9F972541BB4000E21A54 /* Sources */,
				1DCA9F982541BB4000E21A54 /* Frameworks */,
				1DCA9F992541BB4000E21A54 /* Resources */,
			);
			buildRules = (
			);
			dependencies = (
			);
			name = AsticomExam;
			productName = AsticomExam;
			productReference = 1DCA9F9B2541BB4000E21A54 /* AsticomExam.app */;
			productType = "com.apple.product-type.application";
		};
/* End PBXNativeTarget section */

/* Begin PBXProject section */
		1DCA9F932541BB4000E21A54 /* Project object */ = {
			isa = PBXProject;
			attributes = {
				LastSwiftUpdateCheck = 1200;
				LastUpgradeCheck = 1200;
				TargetAttributes = {
					1DCA9F9A2541BB4000E21A54 = {
						CreatedOnToolsVersion = 12.0.1;
					};
				};
			};
			buildConfigurationList = 1DCA9F962541BB4000E21A54 /* Build configuration list for PBXProject "AsticomExam" */;
			compatibilityVersion = "Xcode 9.3";
			developmentRegion = en;
			hasScannedForEncodings = 0;
			knownRegions = (
				en,
				Base,
			);
			mainGroup = 1DCA9F922541BB4000E21A54;
			productRefGroup = 1DCA9F9C2541BB4000E21A54 /* Products */;
			projectDirPath = "";
			projectRoot = "";
			targets = (
				1DCA9F9A2541BB4000E21A54 /* AsticomExam */,
			);
		};
/* End PBXProject section */

/* Begin PBXResourcesBuildPhase section */
		1DCA9F992541BB4000E21A54 /* Resources */ = {
			isa = PBXResourcesBuildPhase;
			buildActionMask = 2147483647;
			files = (
				1DCA9FAB2541BB4400E21A54 /* LaunchScreen.storyboard in Resources */,
				1DCA9FA82541BB4400E21A54 /* Assets.xcassets in Resources */,
				1DCAA04425430CDC00E21A54 /* Rewards.plist in Resources */,
			);
			runOnlyForDeploymentPostprocessing = 0;
		};
/* End PBXResourcesBuildPhase section */

/* Begin PBXSourcesBuildPhase section */
		1DCA9F972541BB4000E21A54 /* Sources */ = {
			isa = PBXSourcesBuildPhase;
			buildActionMask = 2147483647;
			files = (
				1DCA9FBB2541D22E00E21A54 /* LoginViewController.swift in Sources */,
				1DCA9FC22541D82200E21A54 /* FieldView.swift in Sources */,
				1DCAA04925431F8000E21A54 /* RewardDetailsViewController.swift in Sources */,
				1DCA9FBE2541D23D00E21A54 /* RegisterViewController.swift in Sources */,
				1DCAA0292542CDC500E21A54 /* UIView+Reusable.swift in Sources */,
				1DCA9FE025428A3000E21A54 /* DashboardViewModel.swift in Sources */,
				1DCAA0252542C13300E21A54 /* Reward.swift in Sources */,
				1DCA9FDD254284A000E21A54 /* UserInfoView.swift in Sources */,
				1DCAA03D2543024000E21A54 /* APIResponse.swift in Sources */,
				1DCA9FC9254274BC00E21A54 /* DashBoardViewController.swift in Sources */,
				1DCA9FB52541C0B600E21A54 /* WelcomeViewController.swift in Sources */,
				1DCA9F9F2541BB4000E21A54 /* AppDelegate.swift in Sources */,
				1DCAA0412543026500E21A54 /* RewardService.swift in Sources */,
				1DCA9FA12541BB4000E21A54 /* SceneDelegate.swift in Sources */,
				1DCAA04D2543204200E21A54 /* RewardDetailsViewModel.swift in Sources */,
				1DCAA01B2542BF5900E21A54 /* RewardCollectionViewCell.swift in Sources */,
			);
			runOnlyForDeploymentPostprocessing = 0;
		};
/* End PBXSourcesBuildPhase section */

/* Begin PBXVariantGroup section */
		1DCA9FA92541BB4400E21A54 /* LaunchScreen.storyboard */ = {
			isa = PBXVariantGroup;
			children = (
				1DCA9FAA2541BB4400E21A54 /* Base */,
			);
			name = LaunchScreen.storyboard;
			sourceTree = "<group>";
		};
/* End PBXVariantGroup section */

/* Begin XCBuildConfiguration section */
		1DCA9FAD2541BB4400E21A54 /* Debug */ = {
			isa = XCBuildConfiguration;
			buildSettings = {
				ALWAYS_SEARCH_USER_PATHS = NO;
				CLANG_ANALYZER_NONNULL = YES;
				CLANG_ANALYZER_NUMBER_OBJECT_CONVERSION = YES_AGGRESSIVE;
				CLANG_CXX_LANGUAGE_STANDARD = "gnu++14";
				CLANG_CXX_LIBRARY = "libc++";
				CLANG_ENABLE_MODULES = YES;
				CLANG_ENABLE_OBJC_ARC = YES;
				CLANG_ENABLE_OBJC_WEAK = YES;
				CLANG_WARN_BLOCK_CAPTURE_AUTORELEASING = YES;
				CLANG_WARN_BOOL_CONVERSION = YES;
				CLANG_WARN_COMMA = YES;
				CLANG_WARN_CONSTANT_CONVERSION = YES;
				CLANG_WARN_DEPRECATED_OBJC_IMPLEMENTATIONS = YES;
				CLANG_WARN_DIRECT_OBJC_ISA_USAGE = YES_ERROR;
				CLANG_WARN_DOCUMENTATION_COMMENTS = YES;
				CLANG_WARN_EMPTY_BODY = YES;
				CLANG_WARN_ENUM_CONVERSION = YES;
				CLANG_WARN_INFINITE_RECURSION = YES;
				CLANG_WARN_INT_CONVERSION = YES;
				CLANG_WARN_NON_LITERAL_NULL_CONVERSION = YES;
				CLANG_WARN_OBJC_IMPLICIT_RETAIN_SELF = YES;
				CLANG_WARN_OBJC_LITERAL_CONVERSION = YES;
				CLANG_WARN_OBJC_ROOT_CLASS = YES_ERROR;
				CLANG_WARN_QUOTED_INCLUDE_IN_FRAMEWORK_HEADER = YES;
				CLANG_WARN_RANGE_LOOP_ANALYSIS = YES;
				CLANG_WARN_STRICT_PROTOTYPES = YES;
				CLANG_WARN_SUSPICIOUS_MOVE = YES;
				CLANG_WARN_UNGUARDED_AVAILABILITY = YES_AGGRESSIVE;
				CLANG_WARN_UNREACHABLE_CODE = YES;
				CLANG_WARN__DUPLICATE_METHOD_MATCH = YES;
				COPY_PHASE_STRIP = NO;
				DEBUG_INFORMATION_FORMAT = dwarf;
				ENABLE_STRICT_OBJC_MSGSEND = YES;
				ENABLE_TESTABILITY = YES;
				GCC_C_LANGUAGE_STANDARD = gnu11;
				GCC_DYNAMIC_NO_PIC = NO;
				GCC_NO_COMMON_BLOCKS = YES;
				GCC_OPTIMIZATION_LEVEL = 0;
				GCC_PREPROCESSOR_DEFINITIONS = (
					"DEBUG=1",
					"$(inherited)",
				);
				GCC_WARN_64_TO_32_BIT_CONVERSION = YES;
				GCC_WARN_ABOUT_RETURN_TYPE = YES_ERROR;
				GCC_WARN_UNDECLARED_SELECTOR = YES;
				GCC_WARN_UNINITIALIZED_AUTOS = YES_AGGRESSIVE;
				GCC_WARN_UNUSED_FUNCTION = YES;
				GCC_WARN_UNUSED_VARIABLE = YES;
				IPHONEOS_DEPLOYMENT_TARGET = 12.0;
				MTL_ENABLE_DEBUG_INFO = INCLUDE_SOURCE;
				MTL_FAST_MATH = YES;
				ONLY_ACTIVE_ARCH = YES;
				SDKROOT = iphoneos;
				SWIFT_ACTIVE_COMPILATION_CONDITIONS = DEBUG;
				SWIFT_OPTIMIZATION_LEVEL = "-Onone";
			};
			name = Debug;
		};
		1DCA9FAE2541BB4400E21A54 /* Release */ = {
			isa = XCBuildConfiguration;
			buildSettings = {
				ALWAYS_SEARCH_USER_PATHS = NO;
				CLANG_ANALYZER_NONNULL = YES;
				CLANG_ANALYZER_NUMBER_OBJECT_CONVERSION = YES_AGGRESSIVE;
				CLANG_CXX_LANGUAGE_STANDARD = "gnu++14";
				CLANG_CXX_LIBRARY = "libc++";
				CLANG_ENABLE_MODULES = YES;
				CLANG_ENABLE_OBJC_ARC = YES;
				CLANG_ENABLE_OBJC_WEAK = YES;
				CLANG_WARN_BLOCK_CAPTURE_AUTORELEASING = YES;
				CLANG_WARN_BOOL_CONVERSION = YES;
				CLANG_WARN_COMMA = YES;
				CLANG_WARN_CONSTANT_CONVERSION = YES;
				CLANG_WARN_DEPRECATED_OBJC_IMPLEMENTATIONS = YES;
				CLANG_WARN_DIRECT_OBJC_ISA_USAGE = YES_ERROR;
				CLANG_WARN_DOCUMENTATION_COMMENTS = YES;
				CLANG_WARN_EMPTY_BODY = YES;
				CLANG_WARN_ENUM_CONVERSION = YES;
				CLANG_WARN_INFINITE_RECURSION = YES;
				CLANG_WARN_INT_CONVERSION = YES;
				CLANG_WARN_NON_LITERAL_NULL_CONVERSION = YES;
				CLANG_WARN_OBJC_IMPLICIT_RETAIN_SELF = YES;
				CLANG_WARN_OBJC_LITERAL_CONVERSION = YES;
				CLANG_WARN_OBJC_ROOT_CLASS = YES_ERROR;
				CLANG_WARN_QUOTED_INCLUDE_IN_FRAMEWORK_HEADER = YES;
				CLANG_WARN_RANGE_LOOP_ANALYSIS = YES;
				CLANG_WARN_STRICT_PROTOTYPES = YES;
				CLANG_WARN_SUSPICIOUS_MOVE = YES;
				CLANG_WARN_UNGUARDED_AVAILABILITY = YES_AGGRESSIVE;
				CLANG_WARN_UNREACHABLE_CODE = YES;
				CLANG_WARN__DUPLICATE_METHOD_MATCH = YES;
				COPY_PHASE_STRIP = NO;
				DEBUG_INFORMATION_FORMAT = "dwarf-with-dsym";
				ENABLE_NS_ASSERTIONS = NO;
				ENABLE_STRICT_OBJC_MSGSEND = YES;
				GCC_C_LANGUAGE_STANDARD = gnu11;
				GCC_NO_COMMON_BLOCKS = YES;
				GCC_WARN_64_TO_32_BIT_CONVERSION = YES;
				GCC_WARN_ABOUT_RETURN_TYPE = YES_ERROR;
				GCC_WARN_UNDECLARED_SELECTOR = YES;
				GCC_WARN_UNINITIALIZED_AUTOS = YES_AGGRESSIVE;
				GCC_WARN_UNUSED_FUNCTION = YES;
				GCC_WARN_UNUSED_VARIABLE = YES;
				IPHONEOS_DEPLOYMENT_TARGET = 12.0;
				MTL_ENABLE_DEBUG_INFO = NO;
				MTL_FAST_MATH = YES;
				SDKROOT = iphoneos;
				SWIFT_COMPILATION_MODE = wholemodule;
				SWIFT_OPTIMIZATION_LEVEL = "-O";
				VALIDATE_PRODUCT = YES;
			};
			name = Release;
		};
		1DCA9FB02541BB4400E21A54 /* Debug */ = {
			isa = XCBuildConfiguration;
			buildSettings = {
				ASSETCATALOG_COMPILER_APPICON_NAME = AppIcon;
				ASSETCATALOG_COMPILER_GLOBAL_ACCENT_COLOR_NAME = AccentColor;
				CODE_SIGN_STYLE = Automatic;
				INFOPLIST_FILE = AsticomExam/Info.plist;
				LD_RUNPATH_SEARCH_PATHS = (
					"$(inherited)",
					"@executable_path/Frameworks",
				);
				PRODUCT_BUNDLE_IDENTIFIER = com.asticom.AsticomExam;
				PRODUCT_NAME = "$(TARGET_NAME)";
				SWIFT_VERSION = 5.0;
				TARGETED_DEVICE_FAMILY = "1,2";
			};
			name = Debug;
		};
		1DCA9FB12541BB4400E21A54 /* Release */ = {
			isa = XCBuildConfiguration;
			buildSettings = {
				ASSETCATALOG_COMPILER_APPICON_NAME = AppIcon;
				ASSETCATALOG_COMPILER_GLOBAL_ACCENT_COLOR_NAME = AccentColor;
				CODE_SIGN_STYLE = Automatic;
				INFOPLIST_FILE = AsticomExam/Info.plist;
				LD_RUNPATH_SEARCH_PATHS = (
					"$(inherited)",
					"@executable_path/Frameworks",
				);
				PRODUCT_BUNDLE_IDENTIFIER = com.asticom.AsticomExam;
				PRODUCT_NAME = "$(TARGET_NAME)";
				SWIFT_VERSION = 5.0;
				TARGETED_DEVICE_FAMILY = "1,2";
			};
			name = Release;
		};
/* End XCBuildConfiguration section */

/* Begin XCConfigurationList section */
		1DCA9F962541BB4000E21A54 /* Build configuration list for PBXProject "AsticomExam" */ = {
			isa = XCConfigurationList;
			buildConfigurations = (
				1DCA9FAD2541BB4400E21A54 /* Debug */,
				1DCA9FAE2541BB4400E21A54 /* Release */,
			);
			defaultConfigurationIsVisible = 0;
			defaultConfigurationName = Release;
		};
		1DCA9FAF2541BB4400E21A54 /* Build configuration list for PBXNativeTarget "AsticomExam" */ = {
			isa = XCConfigurationList;
			buildConfigurations = (
				1DCA9FB02541BB4400E21A54 /* Debug */,
				1DCA9FB12541BB4400E21A54 /* Release */,
			);
			defaultConfigurationIsVisible = 0;
			defaultConfigurationName = Release;
		};
/* End XCConfigurationList section */
	};
	rootObject = 1DCA9F932541BB4000E21A54 /* Project object */;
}
